// !$*UTF8*$!
{
	archiveVersion = 1;
	classes = {
	};
	objectVersion = 50;
	objects = {

/* Begin PBXBuildFile section */
		430A41BC22CF4EC500906090 /* FileManager.swift in Sources */ = {isa = PBXBuildFile; fileRef = 430A41BB22CF4EC500906090 /* FileManager.swift */; };
		430A41BF22CF64C200906090 /* GallaryViewController.swift in Sources */ = {isa = PBXBuildFile; fileRef = 430A41BE22CF64C200906090 /* GallaryViewController.swift */; };
		430A41C122CF653400906090 /* GallaryViewCell.swift in Sources */ = {isa = PBXBuildFile; fileRef = 430A41C022CF653400906090 /* GallaryViewCell.swift */; };
		430A41C422CF80CC00906090 /* ImageDetailViewController.swift in Sources */ = {isa = PBXBuildFile; fileRef = 430A41C322CF80CC00906090 /* ImageDetailViewController.swift */; };
		432D9CBA22F2C51300E66B17 /* CollabAlertView.swift in Sources */ = {isa = PBXBuildFile; fileRef = 432D9CB922F2C51300E66B17 /* CollabAlertView.swift */; };
		43399A2A2306B13100C6FA0A /* CollabCropUtils.swift in Sources */ = {isa = PBXBuildFile; fileRef = 43399A262306B13000C6FA0A /* CollabCropUtils.swift */; };
		43399A2B2306B13100C6FA0A /* CollabCornerPointView.swift in Sources */ = {isa = PBXBuildFile; fileRef = 43399A272306B13000C6FA0A /* CollabCornerPointView.swift */; };
		43399A2C2306B13100C6FA0A /* CollabCornerClientProtocol.swift in Sources */ = {isa = PBXBuildFile; fileRef = 43399A282306B13000C6FA0A /* CollabCornerClientProtocol.swift */; };
		43399A2D2306B13100C6FA0A /* CollabCroppableDelegateProtocol.swift in Sources */ = {isa = PBXBuildFile; fileRef = 43399A292306B13100C6FA0A /* CollabCroppableDelegateProtocol.swift */; };
		433A235F22CCA24B00BE8051 /* AppDelegate.swift in Sources */ = {isa = PBXBuildFile; fileRef = 433A235E22CCA24B00BE8051 /* AppDelegate.swift */; };
		433A236122CCA24B00BE8051 /* art.scnassets in Resources */ = {isa = PBXBuildFile; fileRef = 433A236022CCA24B00BE8051 /* art.scnassets */; };
		433A236322CCA24B00BE8051 /* ViewController.swift in Sources */ = {isa = PBXBuildFile; fileRef = 433A236222CCA24B00BE8051 /* ViewController.swift */; };
		433A236622CCA24B00BE8051 /* Main.storyboard in Resources */ = {isa = PBXBuildFile; fileRef = 433A236422CCA24B00BE8051 /* Main.storyboard */; };
		433A236822CCA24D00BE8051 /* Assets.xcassets in Resources */ = {isa = PBXBuildFile; fileRef = 433A236722CCA24D00BE8051 /* Assets.xcassets */; };
		433A236B22CCA24D00BE8051 /* LaunchScreen.storyboard in Resources */ = {isa = PBXBuildFile; fileRef = 433A236922CCA24D00BE8051 /* LaunchScreen.storyboard */; };
		433A237322CCACA900BE8051 /* SurfaceNode.swift in Sources */ = {isa = PBXBuildFile; fileRef = 433A237222CCACA900BE8051 /* SurfaceNode.swift */; };
		433A237722CCB73700BE8051 /* SCNVector3.swift in Sources */ = {isa = PBXBuildFile; fileRef = 433A237422CCB73600BE8051 /* SCNVector3.swift */; };
		433A237822CCB73700BE8051 /* Line.swift in Sources */ = {isa = PBXBuildFile; fileRef = 433A237522CCB73600BE8051 /* Line.swift */; };
		433A237922CCB73700BE8051 /* ARSCNView.swift in Sources */ = {isa = PBXBuildFile; fileRef = 433A237622CCB73700BE8051 /* ARSCNView.swift */; };
		4352941B22E080DE0028DBF3 /* ZImageCropper.swift in Sources */ = {isa = PBXBuildFile; fileRef = 4352941A22E080DE0028DBF3 /* ZImageCropper.swift */; };
		4354BC672316429F0097E7B6 /* CollabWallModel.swift in Sources */ = {isa = PBXBuildFile; fileRef = 4354BC662316429F0097E7B6 /* CollabWallModel.swift */; };
		4354BC69231642BB0097E7B6 /* CollabRoomModel.swift in Sources */ = {isa = PBXBuildFile; fileRef = 4354BC68231642BB0097E7B6 /* CollabRoomModel.swift */; };
		4354BC6D231647860097E7B6 /* CollabTopBottomWallCell.swift in Sources */ = {isa = PBXBuildFile; fileRef = 4354BC6C231647860097E7B6 /* CollabTopBottomWallCell.swift */; };
		4354BC6F2316479F0097E7B6 /* CollabLeftRightWallCell.swift in Sources */ = {isa = PBXBuildFile; fileRef = 4354BC6E2316479F0097E7B6 /* CollabLeftRightWallCell.swift */; };
		4354BC71231686ED0097E7B6 /* CollabRoomViewModel.swift in Sources */ = {isa = PBXBuildFile; fileRef = 4354BC70231686ED0097E7B6 /* CollabRoomViewModel.swift */; };
		4394CC1222FAABFF00933E24 /* ViewControllerVM.swift in Sources */ = {isa = PBXBuildFile; fileRef = 4394CC1122FAABFF00933E24 /* ViewControllerVM.swift */; };
		43C01F74230BFF9F0059728F /* CroppableView.swift in Sources */ = {isa = PBXBuildFile; fileRef = 43C01F73230BFF9F0059728F /* CroppableView.swift */; };
		43E641E92313F1FE00D3FD94 /* UIDeviceExtensions.swift in Sources */ = {isa = PBXBuildFile; fileRef = 43E641E82313F1FE00D3FD94 /* UIDeviceExtensions.swift */; };
		43E641EB2314EEA300D3FD94 /* CollabMapViewController.swift in Sources */ = {isa = PBXBuildFile; fileRef = 43E641EA2314EEA300D3FD94 /* CollabMapViewController.swift */; };
		43E641F22315545D00D3FD94 /* CollabRoomViewController.swift in Sources */ = {isa = PBXBuildFile; fileRef = 43E641F12315545D00D3FD94 /* CollabRoomViewController.swift */; };
/* End PBXBuildFile section */

/* Begin PBXFileReference section */
		430A41BB22CF4EC500906090 /* FileManager.swift */ = {isa = PBXFileReference; lastKnownFileType = sourcecode.swift; path = FileManager.swift; sourceTree = "<group>"; };
		430A41BE22CF64C200906090 /* GallaryViewController.swift */ = {isa = PBXFileReference; lastKnownFileType = sourcecode.swift; path = GallaryViewController.swift; sourceTree = "<group>"; };
		430A41C022CF653400906090 /* GallaryViewCell.swift */ = {isa = PBXFileReference; lastKnownFileType = sourcecode.swift; path = GallaryViewCell.swift; sourceTree = "<group>"; };
		430A41C322CF80CC00906090 /* ImageDetailViewController.swift */ = {isa = PBXFileReference; lastKnownFileType = sourcecode.swift; path = ImageDetailViewController.swift; sourceTree = "<group>"; };
		432D9CB922F2C51300E66B17 /* CollabAlertView.swift */ = {isa = PBXFileReference; lastKnownFileType = sourcecode.swift; path = CollabAlertView.swift; sourceTree = "<group>"; };
		43399A262306B13000C6FA0A /* CollabCropUtils.swift */ = {isa = PBXFileReference; fileEncoding = 4; lastKnownFileType = sourcecode.swift; path = CollabCropUtils.swift; sourceTree = "<group>"; };
		43399A272306B13000C6FA0A /* CollabCornerPointView.swift */ = {isa = PBXFileReference; fileEncoding = 4; lastKnownFileType = sourcecode.swift; path = CollabCornerPointView.swift; sourceTree = "<group>"; };
		43399A282306B13000C6FA0A /* CollabCornerClientProtocol.swift */ = {isa = PBXFileReference; fileEncoding = 4; lastKnownFileType = sourcecode.swift; path = CollabCornerClientProtocol.swift; sourceTree = "<group>"; };
		43399A292306B13100C6FA0A /* CollabCroppableDelegateProtocol.swift */ = {isa = PBXFileReference; fileEncoding = 4; lastKnownFileType = sourcecode.swift; path = CollabCroppableDelegateProtocol.swift; sourceTree = "<group>"; };
		433A235B22CCA24B00BE8051 /* CollabARSample.app */ = {isa = PBXFileReference; explicitFileType = wrapper.application; includeInIndex = 0; path = CollabARSample.app; sourceTree = BUILT_PRODUCTS_DIR; };
		433A235E22CCA24B00BE8051 /* AppDelegate.swift */ = {isa = PBXFileReference; lastKnownFileType = sourcecode.swift; path = AppDelegate.swift; sourceTree = "<group>"; };
		433A236022CCA24B00BE8051 /* art.scnassets */ = {isa = PBXFileReference; lastKnownFileType = wrapper.scnassets; path = art.scnassets; sourceTree = "<group>"; };
		433A236222CCA24B00BE8051 /* ViewController.swift */ = {isa = PBXFileReference; lastKnownFileType = sourcecode.swift; path = ViewController.swift; sourceTree = "<group>"; };
		433A236522CCA24B00BE8051 /* Base */ = {isa = PBXFileReference; lastKnownFileType = file.storyboard; name = Base; path = Base.lproj/Main.storyboard; sourceTree = "<group>"; };
		433A236722CCA24D00BE8051 /* Assets.xcassets */ = {isa = PBXFileReference; lastKnownFileType = folder.assetcatalog; path = Assets.xcassets; sourceTree = "<group>"; };
		433A236A22CCA24D00BE8051 /* Base */ = {isa = PBXFileReference; lastKnownFileType = file.storyboard; name = Base; path = Base.lproj/LaunchScreen.storyboard; sourceTree = "<group>"; };
		433A236C22CCA24D00BE8051 /* Info.plist */ = {isa = PBXFileReference; lastKnownFileType = text.plist.xml; path = Info.plist; sourceTree = "<group>"; };
		433A237222CCACA900BE8051 /* SurfaceNode.swift */ = {isa = PBXFileReference; fileEncoding = 4; lastKnownFileType = sourcecode.swift; path = SurfaceNode.swift; sourceTree = "<group>"; };
		433A237422CCB73600BE8051 /* SCNVector3.swift */ = {isa = PBXFileReference; fileEncoding = 4; lastKnownFileType = sourcecode.swift; path = SCNVector3.swift; sourceTree = "<group>"; };
		433A237522CCB73600BE8051 /* Line.swift */ = {isa = PBXFileReference; fileEncoding = 4; lastKnownFileType = sourcecode.swift; path = Line.swift; sourceTree = "<group>"; };
		433A237622CCB73700BE8051 /* ARSCNView.swift */ = {isa = PBXFileReference; fileEncoding = 4; lastKnownFileType = sourcecode.swift; path = ARSCNView.swift; sourceTree = "<group>"; };
		4352941A22E080DE0028DBF3 /* ZImageCropper.swift */ = {isa = PBXFileReference; fileEncoding = 4; lastKnownFileType = sourcecode.swift; path = ZImageCropper.swift; sourceTree = "<group>"; };
		4354BC662316429F0097E7B6 /* CollabWallModel.swift */ = {isa = PBXFileReference; lastKnownFileType = sourcecode.swift; path = CollabWallModel.swift; sourceTree = "<group>"; };
		4354BC68231642BB0097E7B6 /* CollabRoomModel.swift */ = {isa = PBXFileReference; lastKnownFileType = sourcecode.swift; path = CollabRoomModel.swift; sourceTree = "<group>"; };
		4354BC6C231647860097E7B6 /* CollabTopBottomWallCell.swift */ = {isa = PBXFileReference; lastKnownFileType = sourcecode.swift; path = CollabTopBottomWallCell.swift; sourceTree = "<group>"; };
		4354BC6E2316479F0097E7B6 /* CollabLeftRightWallCell.swift */ = {isa = PBXFileReference; lastKnownFileType = sourcecode.swift; path = CollabLeftRightWallCell.swift; sourceTree = "<group>"; };
		4354BC70231686ED0097E7B6 /* CollabRoomViewModel.swift */ = {isa = PBXFileReference; lastKnownFileType = sourcecode.swift; path = CollabRoomViewModel.swift; sourceTree = "<group>"; };
		4394CC1122FAABFF00933E24 /* ViewControllerVM.swift */ = {isa = PBXFileReference; lastKnownFileType = sourcecode.swift; path = ViewControllerVM.swift; sourceTree = "<group>"; };
		43C01F73230BFF9F0059728F /* CroppableView.swift */ = {isa = PBXFileReference; lastKnownFileType = sourcecode.swift; path = CroppableView.swift; sourceTree = "<group>"; };
		43E641E82313F1FE00D3FD94 /* UIDeviceExtensions.swift */ = {isa = PBXFileReference; fileEncoding = 4; lastKnownFileType = sourcecode.swift; path = UIDeviceExtensions.swift; sourceTree = "<group>"; };
		43E641EA2314EEA300D3FD94 /* CollabMapViewController.swift */ = {isa = PBXFileReference; lastKnownFileType = sourcecode.swift; path = CollabMapViewController.swift; sourceTree = "<group>"; };
		43E641F12315545D00D3FD94 /* CollabRoomViewController.swift */ = {isa = PBXFileReference; lastKnownFileType = sourcecode.swift; path = CollabRoomViewController.swift; sourceTree = "<group>"; };
/* End PBXFileReference section */

/* Begin PBXFrameworksBuildPhase section */
		433A235822CCA24B00BE8051 /* Frameworks */ = {
			isa = PBXFrameworksBuildPhase;
			buildActionMask = 2147483647;
			files = (
			);
			runOnlyForDeploymentPostprocessing = 0;
		};
/* End PBXFrameworksBuildPhase section */

/* Begin PBXGroup section */
		43399A252306B10F00C6FA0A /* CropImage */ = {
			isa = PBXGroup;
			children = (
				43399A282306B13000C6FA0A /* CollabCornerClientProtocol.swift */,
				43399A272306B13000C6FA0A /* CollabCornerPointView.swift */,
				43399A292306B13100C6FA0A /* CollabCroppableDelegateProtocol.swift */,
				43399A262306B13000C6FA0A /* CollabCropUtils.swift */,
			);
			path = CropImage;
			sourceTree = "<group>";
		};
		433A235222CCA24B00BE8051 = {
			isa = PBXGroup;
			children = (
				433A235D22CCA24B00BE8051 /* CollabARSample */,
				433A235C22CCA24B00BE8051 /* Products */,
			);
			sourceTree = "<group>";
		};
		433A235C22CCA24B00BE8051 /* Products */ = {
			isa = PBXGroup;
			children = (
				433A235B22CCA24B00BE8051 /* CollabARSample.app */,
			);
			name = Products;
			sourceTree = "<group>";
		};
		433A235D22CCA24B00BE8051 /* CollabARSample */ = {
			isa = PBXGroup;
			children = (
				433A235E22CCA24B00BE8051 /* AppDelegate.swift */,
				43DA809022DEF6FA0029C32D /* ViewControllers */,
				43DA808F22DEF6C60029C32D /* SubViews */,
				43DA809222DEF7240029C32D /* ViewModel */,
				43E641EC2314FA2C00D3FD94 /* Extensions */,
				43DA809122DEF7180029C32D /* Model */,
				435293CC22DEF6620028DBF3 /* Utilities */,
				43DA808E22DEF6B30029C32D /* Manager */,
				43399A252306B10F00C6FA0A /* CropImage */,
				433A236022CCA24B00BE8051 /* art.scnassets */,
				433A236422CCA24B00BE8051 /* Main.storyboard */,
				433A236722CCA24D00BE8051 /* Assets.xcassets */,
				433A236922CCA24D00BE8051 /* LaunchScreen.storyboard */,
				433A236C22CCA24D00BE8051 /* Info.plist */,
			);
			path = CollabARSample;
			sourceTree = "<group>";
		};
		435293CC22DEF6620028DBF3 /* Utilities */ = {
			isa = PBXGroup;
			children = (
				4352941A22E080DE0028DBF3 /* ZImageCropper.swift */,
				433A237222CCACA900BE8051 /* SurfaceNode.swift */,
				432D9CB922F2C51300E66B17 /* CollabAlertView.swift */,
			);
			path = Utilities;
			sourceTree = "<group>";
		};
		43DA808E22DEF6B30029C32D /* Manager */ = {
			isa = PBXGroup;
			children = (
				430A41BB22CF4EC500906090 /* FileManager.swift */,
			);
			path = Manager;
			sourceTree = "<group>";
		};
		43DA808F22DEF6C60029C32D /* SubViews */ = {
			isa = PBXGroup;
			children = (
				433A237522CCB73600BE8051 /* Line.swift */,
				43C01F73230BFF9F0059728F /* CroppableView.swift */,
				430A41C022CF653400906090 /* GallaryViewCell.swift */,
				4354BC6C231647860097E7B6 /* CollabTopBottomWallCell.swift */,
				4354BC6E2316479F0097E7B6 /* CollabLeftRightWallCell.swift */,
			);
			path = SubViews;
			sourceTree = "<group>";
		};
		43DA809022DEF6FA0029C32D /* ViewControllers */ = {
			isa = PBXGroup;
			children = (
				43E641EA2314EEA300D3FD94 /* CollabMapViewController.swift */,
				433A236222CCA24B00BE8051 /* ViewController.swift */,
				430A41BE22CF64C200906090 /* GallaryViewController.swift */,
				430A41C322CF80CC00906090 /* ImageDetailViewController.swift */,
				43E641F12315545D00D3FD94 /* CollabRoomViewController.swift */,
			);
			path = ViewControllers;
			sourceTree = "<group>";
		};
		43DA809122DEF7180029C32D /* Model */ = {
			isa = PBXGroup;
			children = (
				4354BC662316429F0097E7B6 /* CollabWallModel.swift */,
				4354BC68231642BB0097E7B6 /* CollabRoomModel.swift */,
			);
			path = Model;
			sourceTree = "<group>";
		};
		43DA809222DEF7240029C32D /* ViewModel */ = {
			isa = PBXGroup;
			children = (
				4394CC1122FAABFF00933E24 /* ViewControllerVM.swift */,
				4354BC70231686ED0097E7B6 /* CollabRoomViewModel.swift */,
			);
			path = ViewModel;
			sourceTree = "<group>";
		};
		43E641EC2314FA2C00D3FD94 /* Extensions */ = {
			isa = PBXGroup;
			children = (
				433A237422CCB73600BE8051 /* SCNVector3.swift */,
				43E641E82313F1FE00D3FD94 /* UIDeviceExtensions.swift */,
				433A237622CCB73700BE8051 /* ARSCNView.swift */,
			);
			path = Extensions;
			sourceTree = "<group>";
		};
/* End PBXGroup section */

/* Begin PBXNativeTarget section */
		433A235A22CCA24B00BE8051 /* CollabARSample */ = {
			isa = PBXNativeTarget;
			buildConfigurationList = 433A236F22CCA24D00BE8051 /* Build configuration list for PBXNativeTarget "CollabARSample" */;
			buildPhases = (
				433A235722CCA24B00BE8051 /* Sources */,
				433A235822CCA24B00BE8051 /* Frameworks */,
				433A235922CCA24B00BE8051 /* Resources */,
			);
			buildRules = (
			);
			dependencies = (
			);
			name = CollabARSample;
			productName = CollabARSample;
			productReference = 433A235B22CCA24B00BE8051 /* CollabARSample.app */;
			productType = "com.apple.product-type.application";
		};
/* End PBXNativeTarget section */

/* Begin PBXProject section */
		433A235322CCA24B00BE8051 /* Project object */ = {
			isa = PBXProject;
			attributes = {
				LastSwiftUpdateCheck = 0940;
				LastUpgradeCheck = 0940;
				ORGANIZATIONNAME = Wipro;
				TargetAttributes = {
					433A235A22CCA24B00BE8051 = {
						CreatedOnToolsVersion = 9.4.1;
						LastSwiftMigration = 1020;
					};
				};
			};
			buildConfigurationList = 433A235622CCA24B00BE8051 /* Build configuration list for PBXProject "CollabARSample" */;
			compatibilityVersion = "Xcode 9.3";
			developmentRegion = en;
			hasScannedForEncodings = 0;
			knownRegions = (
				en,
				Base,
			);
			mainGroup = 433A235222CCA24B00BE8051;
			productRefGroup = 433A235C22CCA24B00BE8051 /* Products */;
			projectDirPath = "";
			projectRoot = "";
			targets = (
				433A235A22CCA24B00BE8051 /* CollabARSample */,
			);
		};
/* End PBXProject section */

/* Begin PBXResourcesBuildPhase section */
		433A235922CCA24B00BE8051 /* Resources */ = {
			isa = PBXResourcesBuildPhase;
			buildActionMask = 2147483647;
			files = (
				433A236122CCA24B00BE8051 /* art.scnassets in Resources */,
				433A236B22CCA24D00BE8051 /* LaunchScreen.storyboard in Resources */,
				433A236822CCA24D00BE8051 /* Assets.xcassets in Resources */,
				433A236622CCA24B00BE8051 /* Main.storyboard in Resources */,
			);
			runOnlyForDeploymentPostprocessing = 0;
		};
/* End PBXResourcesBuildPhase section */

/* Begin PBXSourcesBuildPhase section */
		433A235722CCA24B00BE8051 /* Sources */ = {
			isa = PBXSourcesBuildPhase;
			buildActionMask = 2147483647;
			files = (
				4354BC6D231647860097E7B6 /* CollabTopBottomWallCell.swift in Sources */,
				4352941B22E080DE0028DBF3 /* ZImageCropper.swift in Sources */,
				43E641E92313F1FE00D3FD94 /* UIDeviceExtensions.swift in Sources */,
				43399A2D2306B13100C6FA0A /* CollabCroppableDelegateProtocol.swift in Sources */,
				4354BC69231642BB0097E7B6 /* CollabRoomModel.swift in Sources */,
				433A236322CCA24B00BE8051 /* ViewController.swift in Sources */,
				4354BC71231686ED0097E7B6 /* CollabRoomViewModel.swift in Sources */,
				43C01F74230BFF9F0059728F /* CroppableView.swift in Sources */,
				430A41BF22CF64C200906090 /* GallaryViewController.swift in Sources */,
				4354BC6F2316479F0097E7B6 /* CollabLeftRightWallCell.swift in Sources */,
				430A41C122CF653400906090 /* GallaryViewCell.swift in Sources */,
				43399A2C2306B13100C6FA0A /* CollabCornerClientProtocol.swift in Sources */,
				433A237722CCB73700BE8051 /* SCNVector3.swift in Sources */,
				433A237922CCB73700BE8051 /* ARSCNView.swift in Sources */,
				43399A2A2306B13100C6FA0A /* CollabCropUtils.swift in Sources */,
				43E641F22315545D00D3FD94 /* CollabRoomViewController.swift in Sources */,
				430A41BC22CF4EC500906090 /* FileManager.swift in Sources */,
				43399A2B2306B13100C6FA0A /* CollabCornerPointView.swift in Sources */,
				4354BC672316429F0097E7B6 /* CollabWallModel.swift in Sources */,
				433A235F22CCA24B00BE8051 /* AppDelegate.swift in Sources */,
				43E641EB2314EEA300D3FD94 /* CollabMapViewController.swift in Sources */,
				432D9CBA22F2C51300E66B17 /* CollabAlertView.swift in Sources */,
				433A237322CCACA900BE8051 /* SurfaceNode.swift in Sources */,
				4394CC1222FAABFF00933E24 /* ViewControllerVM.swift in Sources */,
				433A237822CCB73700BE8051 /* Line.swift in Sources */,
				430A41C422CF80CC00906090 /* ImageDetailViewController.swift in Sources */,
			);
			runOnlyForDeploymentPostprocessing = 0;
		};
/* End PBXSourcesBuildPhase section */

/* Begin PBXVariantGroup section */
		433A236422CCA24B00BE8051 /* Main.storyboard */ = {
			isa = PBXVariantGroup;
			children = (
				433A236522CCA24B00BE8051 /* Base */,
			);
			name = Main.storyboard;
			sourceTree = "<group>";
		};
		433A236922CCA24D00BE8051 /* LaunchScreen.storyboard */ = {
			isa = PBXVariantGroup;
			children = (
				433A236A22CCA24D00BE8051 /* Base */,
			);
			name = LaunchScreen.storyboard;
			sourceTree = "<group>";
		};
/* End PBXVariantGroup section */

/* Begin XCBuildConfiguration section */
		433A236D22CCA24D00BE8051 /* Debug */ = {
			isa = XCBuildConfiguration;
			buildSettings = {
				ALWAYS_SEARCH_USER_PATHS = NO;
				CLANG_ANALYZER_NONNULL = YES;
				CLANG_ANALYZER_NUMBER_OBJECT_CONVERSION = YES_AGGRESSIVE;
				CLANG_CXX_LANGUAGE_STANDARD = "gnu++14";
				CLANG_CXX_LIBRARY = "libc++";
				CLANG_ENABLE_MODULES = YES;
				CLANG_ENABLE_OBJC_ARC = YES;
				CLANG_ENABLE_OBJC_WEAK = YES;
				CLANG_WARN_BLOCK_CAPTURE_AUTORELEASING = YES;
				CLANG_WARN_BOOL_CONVERSION = YES;
				CLANG_WARN_COMMA = YES;
				CLANG_WARN_CONSTANT_CONVERSION = YES;
				CLANG_WARN_DEPRECATED_OBJC_IMPLEMENTATIONS = YES;
				CLANG_WARN_DIRECT_OBJC_ISA_USAGE = YES_ERROR;
				CLANG_WARN_DOCUMENTATION_COMMENTS = YES;
				CLANG_WARN_EMPTY_BODY = YES;
				CLANG_WARN_ENUM_CONVERSION = YES;
				CLANG_WARN_INFINITE_RECURSION = YES;
				CLANG_WARN_INT_CONVERSION = YES;
				CLANG_WARN_NON_LITERAL_NULL_CONVERSION = YES;
				CLANG_WARN_OBJC_IMPLICIT_RETAIN_SELF = YES;
				CLANG_WARN_OBJC_LITERAL_CONVERSION = YES;
				CLANG_WARN_OBJC_ROOT_CLASS = YES_ERROR;
				CLANG_WARN_RANGE_LOOP_ANALYSIS = YES;
				CLANG_WARN_STRICT_PROTOTYPES = YES;
				CLANG_WARN_SUSPICIOUS_MOVE = YES;
				CLANG_WARN_UNGUARDED_AVAILABILITY = YES_AGGRESSIVE;
				CLANG_WARN_UNREACHABLE_CODE = YES;
				CLANG_WARN__DUPLICATE_METHOD_MATCH = YES;
				CODE_SIGN_IDENTITY = "iPhone Developer";
				COPY_PHASE_STRIP = NO;
				DEBUG_INFORMATION_FORMAT = dwarf;
				ENABLE_STRICT_OBJC_MSGSEND = YES;
				ENABLE_TESTABILITY = YES;
				GCC_C_LANGUAGE_STANDARD = gnu11;
				GCC_DYNAMIC_NO_PIC = NO;
				GCC_NO_COMMON_BLOCKS = YES;
				GCC_OPTIMIZATION_LEVEL = 0;
				GCC_PREPROCESSOR_DEFINITIONS = (
					"DEBUG=1",
					"$(inherited)",
				);
				GCC_WARN_64_TO_32_BIT_CONVERSION = YES;
				GCC_WARN_ABOUT_RETURN_TYPE = YES_ERROR;
				GCC_WARN_UNDECLARED_SELECTOR = YES;
				GCC_WARN_UNINITIALIZED_AUTOS = YES_AGGRESSIVE;
				GCC_WARN_UNUSED_FUNCTION = YES;
				GCC_WARN_UNUSED_VARIABLE = YES;
				IPHONEOS_DEPLOYMENT_TARGET = 11.4;
				MTL_ENABLE_DEBUG_INFO = YES;
				ONLY_ACTIVE_ARCH = YES;
				SDKROOT = iphoneos;
				SWIFT_ACTIVE_COMPILATION_CONDITIONS = DEBUG;
				SWIFT_OPTIMIZATION_LEVEL = "-Onone";
			};
			name = Debug;
		};
		433A236E22CCA24D00BE8051 /* Release */ = {
			isa = XCBuildConfiguration;
			buildSettings = {
				ALWAYS_SEARCH_USER_PATHS = NO;
				CLANG_ANALYZER_NONNULL = YES;
				CLANG_ANALYZER_NUMBER_OBJECT_CONVERSION = YES_AGGRESSIVE;
				CLANG_CXX_LANGUAGE_STANDARD = "gnu++14";
				CLANG_CXX_LIBRARY = "libc++";
				CLANG_ENABLE_MODULES = YES;
				CLANG_ENABLE_OBJC_ARC = YES;
				CLANG_ENABLE_OBJC_WEAK = YES;
				CLANG_WARN_BLOCK_CAPTURE_AUTORELEASING = YES;
				CLANG_WARN_BOOL_CONVERSION = YES;
				CLANG_WARN_COMMA = YES;
				CLANG_WARN_CONSTANT_CONVERSION = YES;
				CLANG_WARN_DEPRECATED_OBJC_IMPLEMENTATIONS = YES;
				CLANG_WARN_DIRECT_OBJC_ISA_USAGE = YES_ERROR;
				CLANG_WARN_DOCUMENTATION_COMMENTS = YES;
				CLANG_WARN_EMPTY_BODY = YES;
				CLANG_WARN_ENUM_CONVERSION = YES;
				CLANG_WARN_INFINITE_RECURSION = YES;
				CLANG_WARN_INT_CONVERSION = YES;
				CLANG_WARN_NON_LITERAL_NULL_CONVERSION = YES;
				CLANG_WARN_OBJC_IMPLICIT_RETAIN_SELF = YES;
				CLANG_WARN_OBJC_LITERAL_CONVERSION = YES;
				CLANG_WARN_OBJC_ROOT_CLASS = YES_ERROR;
				CLANG_WARN_RANGE_LOOP_ANALYSIS = YES;
				CLANG_WARN_STRICT_PROTOTYPES = YES;
				CLANG_WARN_SUSPICIOUS_MOVE = YES;
				CLANG_WARN_UNGUARDED_AVAILABILITY = YES_AGGRESSIVE;
				CLANG_WARN_UNREACHABLE_CODE = YES;
				CLANG_WARN__DUPLICATE_METHOD_MATCH = YES;
				CODE_SIGN_IDENTITY = "iPhone Developer";
				COPY_PHASE_STRIP = NO;
				DEBUG_INFORMATION_FORMAT = "dwarf-with-dsym";
				ENABLE_NS_ASSERTIONS = NO;
				ENABLE_STRICT_OBJC_MSGSEND = YES;
				GCC_C_LANGUAGE_STANDARD = gnu11;
				GCC_NO_COMMON_BLOCKS = YES;
				GCC_WARN_64_TO_32_BIT_CONVERSION = YES;
				GCC_WARN_ABOUT_RETURN_TYPE = YES_ERROR;
				GCC_WARN_UNDECLARED_SELECTOR = YES;
				GCC_WARN_UNINITIALIZED_AUTOS = YES_AGGRESSIVE;
				GCC_WARN_UNUSED_FUNCTION = YES;
				GCC_WARN_UNUSED_VARIABLE = YES;
				IPHONEOS_DEPLOYMENT_TARGET = 11.4;
				MTL_ENABLE_DEBUG_INFO = NO;
				SDKROOT = iphoneos;
				SWIFT_COMPILATION_MODE = wholemodule;
				SWIFT_OPTIMIZATION_LEVEL = "-O";
				VALIDATE_PRODUCT = YES;
			};
			name = Release;
		};
		433A237022CCA24D00BE8051 /* Debug */ = {
			isa = XCBuildConfiguration;
			buildSettings = {
				ASSETCATALOG_COMPILER_APPICON_NAME = AppIcon;
				CODE_SIGN_IDENTITY = "iPhone Developer";
				CODE_SIGN_STYLE = Automatic;
				DEVELOPMENT_TEAM = ZEPLG5ZE6G;
				INFOPLIST_FILE = CollabARSample/Info.plist;
				IPHONEOS_DEPLOYMENT_TARGET = 11.4;
				LD_RUNPATH_SEARCH_PATHS = (
					"$(inherited)",
					"@executable_path/Frameworks",
				);
				PRODUCT_BUNDLE_IDENTIFIER = com.wipro.smartsolutions.CollabARSample;
				PRODUCT_NAME = "$(TARGET_NAME)";
				PROVISIONING_PROFILE_SPECIFIER = "";
				SWIFT_VERSION = 5.0;
				TARGETED_DEVICE_FAMILY = "1,2";
			};
			name = Debug;
		};
		433A237122CCA24D00BE8051 /* Release */ = {
			isa = XCBuildConfiguration;
			buildSettings = {
				ASSETCATALOG_COMPILER_APPICON_NAME = AppIcon;
				CODE_SIGN_IDENTITY = "iPhone Developer";
				CODE_SIGN_STYLE = Automatic;
				DEVELOPMENT_TEAM = ZEPLG5ZE6G;
				INFOPLIST_FILE = CollabARSample/Info.plist;
				IPHONEOS_DEPLOYMENT_TARGET = 11.4;
				LD_RUNPATH_SEARCH_PATHS = (
					"$(inherited)",
					"@executable_path/Frameworks",
				);
				PRODUCT_BUNDLE_IDENTIFIER = com.wipro.smartsolutions.CollabARSample;
				PRODUCT_NAME = "$(TARGET_NAME)";
				PROVISIONING_PROFILE_SPECIFIER = "";
				SWIFT_VERSION = 5.0;
				TARGETED_DEVICE_FAMILY = "1,2";
			};
			name = Release;
		};
/* End XCBuildConfiguration section */

/* Begin XCConfigurationList section */
		433A235622CCA24B00BE8051 /* Build configuration list for PBXProject "CollabARSample" */ = {
			isa = XCConfigurationList;
			buildConfigurations = (
				433A236D22CCA24D00BE8051 /* Debug */,
				433A236E22CCA24D00BE8051 /* Release */,
			);
			defaultConfigurationIsVisible = 0;
			defaultConfigurationName = Release;
		};
		433A236F22CCA24D00BE8051 /* Build configuration list for PBXNativeTarget "CollabARSample" */ = {
			isa = XCConfigurationList;
			buildConfigurations = (
				433A237022CCA24D00BE8051 /* Debug */,
				433A237122CCA24D00BE8051 /* Release */,
			);
			defaultConfigurationIsVisible = 0;
			defaultConfigurationName = Release;
		};
/* End XCConfigurationList section */
	};
	rootObject = 433A235322CCA24B00BE8051 /* Project object */;
}
